{
  "version": 4,
  "terraform_version": "0.12.18",
  "serial": 379,
  "lineage": "ec143734-ff3c-3e3b-5b98-8732ade21802",
  "outputs": {},
  "resources": [
    {
      "mode": "data",
      "type": "aws_availability_zones",
      "name": "available",
      "provider": "provider.aws",
      "instances": [
        {
          "schema_version": 0,
          "attributes": {
            "blacklisted_names": null,
            "blacklisted_zone_ids": null,
            "id": "2020-01-01 04:28:39.008245924 +0000 UTC",
            "names": [
              "us-east-1a",
              "us-east-1b",
              "us-east-1c",
              "us-east-1d",
              "us-east-1e",
              "us-east-1f"
            ],
            "state": null,
            "zone_ids": [
              "use1-az1",
              "use1-az2",
              "use1-az4",
              "use1-az6",
              "use1-az3",
              "use1-az5"
            ]
          }
        }
      ]
    },
    {
      "mode": "managed",
      "type": "aws_ami_from_instance",
      "name": "wp_golden",
      "provider": "provider.aws",
      "instances": [
        {
          "schema_version": 0,
          "attributes": {
            "architecture": "x86_64",
            "description": "",
            "ebs_block_device": [
              {
                "delete_on_termination": true,
                "device_name": "/dev/sda1",
                "encrypted": false,
                "iops": 0,
                "snapshot_id": "snap-0652a851bd62b697f",
                "volume_size": 10,
                "volume_type": "gp2"
              }
            ],
            "ena_support": true,
            "ephemeral_block_device": [
              {
                "device_name": "/dev/sdb",
                "virtual_name": "ephemeral0"
              },
              {
                "device_name": "/dev/sdc",
                "virtual_name": "ephemeral1"
              },
              {
                "device_name": "/dev/sdd",
                "virtual_name": "ephemeral2"
              },
              {
                "device_name": "/dev/sde",
                "virtual_name": "ephemeral3"
              }
            ],
            "id": "ami-00eb54b29ca552000",
            "image_location": "058625519174/wp_ami-L6mwFhqyfq8",
            "kernel_id": "",
            "manage_ebs_snapshots": true,
            "name": "wp_ami-L6mwFhqyfq8",
            "ramdisk_id": "",
            "root_device_name": "/dev/sda1",
            "root_snapshot_id": "snap-0652a851bd62b697f",
            "snapshot_without_reboot": null,
            "source_instance_id": "i-044b6f53218689cdb",
            "sriov_net_support": "simple",
            "tags": null,
            "timeouts": null,
            "virtualization_type": "hvm"
          },
          "private": "eyJlMmJmYjczMC1lY2FhLTExZTYtOGY4OC0zNDM2M2JjN2M0YzAiOnsiY3JlYXRlIjoyNDAwMDAwMDAwMDAwLCJkZWxldGUiOjU0MDAwMDAwMDAwMDAsInVwZGF0ZSI6MjQwMDAwMDAwMDAwMH19",
          "dependencies": [
            "aws_iam_instance_profile.s3_access_profile",
            "aws_iam_role.s3_access_role",
            "aws_instance.wp_dev",
            "aws_key_pair.wp_auth",
            "aws_s3_bucket.code",
            "aws_security_group.wp_dev_sg",
            "aws_subnet.wp_public1_subnet",
            "aws_vpc.wp_vpc",
            "random_id.golden_ami",
            "random_id.wp_code_bucket"
          ]
        }
      ]
    },
    {
      "mode": "managed",
      "type": "aws_autoscaling_group",
      "name": "wp_asg",
      "provider": "provider.aws",
      "instances": []
    },
    {
      "mode": "managed",
      "type": "aws_db_instance",
      "name": "wp_db",
      "provider": "provider.aws",
      "instances": [
        {
          "schema_version": 0,
          "attributes": {
            "address": "terraform-20200101042844949000000003.ccisoefpqz8n.us-east-1.rds.amazonaws.com",
            "allocated_storage": 10,
            "allow_major_version_upgrade": null,
            "apply_immediately": null,
            "arn": "arn:aws:rds:us-east-1:058625519174:db:terraform-20200101042844949000000003",
            "auto_minor_version_upgrade": true,
            "availability_zone": "us-east-1c",
            "backup_retention_period": 0,
            "backup_window": "04:03-04:33",
            "ca_cert_identifier": "rds-ca-2015",
            "character_set_name": null,
            "copy_tags_to_snapshot": false,
            "db_subnet_group_name": "wp_rds_subnetgroup",
            "deletion_protection": false,
            "domain": "",
            "domain_iam_role_name": "",
            "enabled_cloudwatch_logs_exports": null,
            "endpoint": "terraform-20200101042844949000000003.ccisoefpqz8n.us-east-1.rds.amazonaws.com:3306",
            "engine": "mysql",
            "engine_version": "5.6.34",
            "final_snapshot_identifier": null,
            "hosted_zone_id": "Z2R2ITUGPM61AM",
            "iam_database_authentication_enabled": false,
            "id": "terraform-20200101042844949000000003",
            "identifier": "terraform-20200101042844949000000003",
            "identifier_prefix": null,
            "instance_class": "db.t2.micro",
            "iops": 0,
            "kms_key_id": "",
            "license_model": "general-public-license",
            "maintenance_window": "sun:09:06-sun:09:36",
            "max_allocated_storage": 0,
            "monitoring_interval": 0,
            "monitoring_role_arn": "",
            "multi_az": false,
            "name": "superherodb",
            "option_group_name": "default:mysql-5-6",
            "parameter_group_name": "default.mysql5.6",
            "password": "superheropass",
            "performance_insights_enabled": false,
            "performance_insights_kms_key_id": "",
            "performance_insights_retention_period": 0,
            "port": 3306,
            "publicly_accessible": false,
            "replicas": [],
            "replicate_source_db": "",
            "resource_id": "db-FJAEC6GY6A6FQKBUERTGLJCVIM",
            "s3_import": [],
            "security_group_names": null,
            "skip_final_snapshot": true,
            "snapshot_identifier": null,
            "status": "available",
            "storage_encrypted": false,
            "storage_type": "gp2",
            "tags": null,
            "timeouts": null,
            "timezone": "",
            "username": "superhero",
            "vpc_security_group_ids": [
              "sg-0d7984888782bc733"
            ]
          },
          "private": "eyJlMmJmYjczMC1lY2FhLTExZTYtOGY4OC0zNDM2M2JjN2M0YzAiOnsiY3JlYXRlIjoyNDAwMDAwMDAwMDAwLCJkZWxldGUiOjI0MDAwMDAwMDAwMDAsInVwZGF0ZSI6NDgwMDAwMDAwMDAwMH19",
          "dependencies": [
            "aws_db_subnet_group.wp_rds_subnetgroup",
            "aws_security_group.wp_dev_sg",
            "aws_security_group.wp_private_sg",
            "aws_security_group.wp_public_sg",
            "aws_security_group.wp_rds_sg",
            "aws_subnet.wp_rds1_subnet",
            "aws_subnet.wp_rds2_subnet",
            "aws_subnet.wp_rds3_subnet",
            "aws_vpc.wp_vpc"
          ]
        }
      ]
    },
    {
      "mode": "managed",
      "type": "aws_db_subnet_group",
      "name": "wp_rds_subnetgroup",
      "provider": "provider.aws",
      "instances": [
        {
          "schema_version": 0,
          "attributes": {
            "arn": "arn:aws:rds:us-east-1:058625519174:subgrp:wp_rds_subnetgroup",
            "description": "Managed by Terraform",
            "id": "wp_rds_subnetgroup",
            "name": "wp_rds_subnetgroup",
            "name_prefix": null,
            "subnet_ids": [
              "subnet-013d990d3c21345e2",
              "subnet-059b19beeae2eeabb",
              "subnet-092be5fc196d6e4a4"
            ],
            "tags": {
              "Name": "wp_rds_sng"
            }
          },
          "private": "bnVsbA==",
          "dependencies": [
            "aws_subnet.wp_rds1_subnet",
            "aws_subnet.wp_rds2_subnet",
            "aws_subnet.wp_rds3_subnet",
            "aws_vpc.wp_vpc"
          ]
        }
      ]
    },
    {
      "mode": "managed",
      "type": "aws_default_route_table",
      "name": "wp_private_rt",
      "provider": "provider.aws",
      "instances": [
        {
          "schema_version": 0,
          "attributes": {
            "default_route_table_id": "rtb-092b95b5648712503",
            "id": "rtb-092b95b5648712503",
            "owner_id": "058625519174",
            "propagating_vgws": null,
            "route": [],
            "tags": {
              "Name": "wp_private"
            },
            "vpc_id": "vpc-0c2f25bd7ec679d6a"
          },
          "private": "bnVsbA==",
          "dependencies": [
            "aws_vpc.wp_vpc"
          ]
        }
      ]
    },
    {
      "mode": "managed",
      "type": "aws_elb",
      "name": "wp_elb",
      "provider": "provider.aws",
      "instances": [
        {
          "schema_version": 0,
          "attributes": {
            "access_logs": [],
            "arn": "arn:aws:elasticloadbalancing:us-east-1:058625519174:loadbalancer/scruffybrett-elb",
            "availability_zones": [
              "us-east-1a",
              "us-east-1b"
            ],
            "connection_draining": true,
            "connection_draining_timeout": 400,
            "cross_zone_load_balancing": true,
            "dns_name": "scruffybrett-elb-1211301791.us-east-1.elb.amazonaws.com",
            "health_check": [
              {
                "healthy_threshold": 2,
                "interval": 30,
                "target": "TCP:80",
                "timeout": 3,
                "unhealthy_threshold": 2
              }
            ],
            "id": "scruffybrett-elb",
            "idle_timeout": 400,
            "instances": [],
            "internal": false,
            "listener": [
              {
                "instance_port": 80,
                "instance_protocol": "http",
                "lb_port": 80,
                "lb_protocol": "http",
                "ssl_certificate_id": ""
              }
            ],
            "name": "scruffybrett-elb",
            "name_prefix": null,
            "security_groups": [
              "sg-06ee1ae75a5eda40c"
            ],
            "source_security_group": "058625519174/wp_public_sg",
            "source_security_group_id": "sg-06ee1ae75a5eda40c",
            "subnets": [
              "subnet-0171529a4d619172e",
              "subnet-05cb45b74e0e8ca33"
            ],
            "tags": {
              "Name": "wp_scruffybrett-elb"
            },
            "zone_id": "Z35SXDOTRQ7X7K"
          },
          "private": "bnVsbA==",
          "dependencies": [
            "aws_security_group.wp_public_sg",
            "aws_subnet.wp_public1_subnet",
            "aws_subnet.wp_public2_subnet",
            "aws_vpc.wp_vpc"
          ]
        }
      ]
    },
    {
      "mode": "managed",
      "type": "aws_iam_instance_profile",
      "name": "s3_access_profile",
      "provider": "provider.aws",
      "instances": [
        {
          "schema_version": 0,
          "attributes": {
            "arn": "arn:aws:iam::058625519174:instance-profile/s3_access",
            "create_date": "2020-01-01T04:28:44Z",
            "id": "s3_access",
            "name": "s3_access",
            "name_prefix": null,
            "path": "/",
            "role": "s3_access_role",
            "roles": [],
            "unique_id": "AIPAQ3JS2NZDOTLSRDJI5"
          },
          "private": "bnVsbA==",
          "dependencies": [
            "aws_iam_role.s3_access_role"
          ]
        }
      ]
    },
    {
      "mode": "managed",
      "type": "aws_iam_role",
      "name": "s3_access_role",
      "provider": "provider.aws",
      "instances": [
        {
          "schema_version": 0,
          "attributes": {
            "arn": "arn:aws:iam::058625519174:role/s3_access_role",
            "assume_role_policy": "{\"Version\":\"2012-10-17\",\"Statement\":[{\"Sid\":\"\",\"Effect\":\"Allow\",\"Principal\":{\"Service\":\"ec2.amazonaws.com\"},\"Action\":\"sts:AssumeRole\"}]}",
            "create_date": "2020-01-01T04:28:44Z",
            "description": "",
            "force_detach_policies": false,
            "id": "s3_access_role",
            "max_session_duration": 3600,
            "name": "s3_access_role",
            "name_prefix": null,
            "path": "/",
            "permissions_boundary": null,
            "tags": null,
            "unique_id": "AROAQ3JS2NZDN3L2LAWW4"
          },
          "private": "bnVsbA=="
        }
      ]
    },
    {
      "mode": "managed",
      "type": "aws_iam_role_policy",
      "name": "s3_access_policy",
      "provider": "provider.aws",
      "instances": [
        {
          "schema_version": 0,
          "attributes": {
            "id": "s3_access_role:s3_access_policy",
            "name": "s3_access_policy",
            "name_prefix": null,
            "policy": "{\n  \"Version\": \"2012-10-17\",\n  \"Statement\": [\n    {\n      \"Effect\": \"Allow\",\n      \"Action\": \"s3:*\",\n      \"Resource\": \"*\"\n    }\n  ]\n}\n",
            "role": "s3_access_role"
          },
          "private": "bnVsbA==",
          "dependencies": [
            "aws_iam_role.s3_access_role"
          ]
        }
      ]
    },
    {
      "mode": "managed",
      "type": "aws_instance",
      "name": "wp_dev",
      "provider": "provider.aws",
      "instances": [
        {
          "schema_version": 1,
          "attributes": {
            "ami": "ami-02ba2e7a8c66dd5bd",
            "arn": "arn:aws:ec2:us-east-1:058625519174:instance/i-044b6f53218689cdb",
            "associate_public_ip_address": true,
            "availability_zone": "us-east-1a",
            "cpu_core_count": 1,
            "cpu_threads_per_core": 1,
            "credit_specification": [
              {
                "cpu_credits": "standard"
              }
            ],
            "disable_api_termination": false,
            "ebs_block_device": [],
            "ebs_optimized": false,
            "ephemeral_block_device": [],
            "get_password_data": false,
            "host_id": null,
            "iam_instance_profile": "s3_access",
            "id": "i-044b6f53218689cdb",
            "instance_initiated_shutdown_behavior": null,
            "instance_state": "running",
            "instance_type": "t2.micro",
            "ipv6_address_count": 0,
            "ipv6_addresses": [],
            "key_name": "blah",
            "monitoring": false,
            "network_interface": [],
            "network_interface_id": null,
            "password_data": "",
            "placement_group": "",
            "primary_network_interface_id": "eni-0d81a36cac75c63c5",
            "private_dns": "ip-10-7-1-60.ec2.internal",
            "private_ip": "10.7.1.60",
            "public_dns": "ec2-34-201-0-134.compute-1.amazonaws.com",
            "public_ip": "34.201.0.134",
            "root_block_device": [
              {
                "delete_on_termination": true,
                "encrypted": false,
                "iops": 100,
                "kms_key_id": "",
                "volume_id": "vol-0c6eb397278e9ce46",
                "volume_size": 10,
                "volume_type": "gp2"
              }
            ],
            "security_groups": [],
            "source_dest_check": true,
            "subnet_id": "subnet-05cb45b74e0e8ca33",
            "tags": {
              "Name": "wp_dev"
            },
            "tenancy": "default",
            "timeouts": null,
            "user_data": null,
            "user_data_base64": null,
            "volume_tags": {},
            "vpc_security_group_ids": [
              "sg-076224e5115c8802c"
            ]
          },
          "private": "eyJlMmJmYjczMC1lY2FhLTExZTYtOGY4OC0zNDM2M2JjN2M0YzAiOnsiY3JlYXRlIjo2MDAwMDAwMDAwMDAsImRlbGV0ZSI6MTIwMDAwMDAwMDAwMCwidXBkYXRlIjo2MDAwMDAwMDAwMDB9LCJzY2hlbWFfdmVyc2lvbiI6IjEifQ==",
          "dependencies": [
            "aws_iam_instance_profile.s3_access_profile",
            "aws_iam_role.s3_access_role",
            "aws_key_pair.wp_auth",
            "aws_s3_bucket.code",
            "aws_security_group.wp_dev_sg",
            "aws_subnet.wp_public1_subnet",
            "aws_vpc.wp_vpc",
            "random_id.wp_code_bucket"
          ]
        },
        {
          "status": "tainted",
          "deposed": "48b3c739",
          "schema_version": 1,
          "attributes": null,
          "private": "eyJlMmJmYjczMC1lY2FhLTExZTYtOGY4OC0zNDM2M2JjN2M0YzAiOnsiY3JlYXRlIjo2MDAwMDAwMDAwMDAsImRlbGV0ZSI6MTIwMDAwMDAwMDAwMCwidXBkYXRlIjo2MDAwMDAwMDAwMDB9LCJzY2hlbWFfdmVyc2lvbiI6IjEifQ==",
          "dependencies": [
            "aws_iam_instance_profile.s3_access_profile",
            "aws_key_pair.wp_auth",
            "aws_s3_bucket.code",
            "aws_security_group.wp_dev_sg",
            "aws_subnet.wp_public1_subnet"
          ]
        },
        {
          "status": "tainted",
          "deposed": "55e3de5a",
          "schema_version": 1,
          "attributes": null,
          "private": "eyJlMmJmYjczMC1lY2FhLTExZTYtOGY4OC0zNDM2M2JjN2M0YzAiOnsiY3JlYXRlIjo2MDAwMDAwMDAwMDAsImRlbGV0ZSI6MTIwMDAwMDAwMDAwMCwidXBkYXRlIjo2MDAwMDAwMDAwMDB9LCJzY2hlbWFfdmVyc2lvbiI6IjEifQ==",
          "dependencies": [
            "aws_iam_instance_profile.s3_access_profile",
            "aws_key_pair.wp_auth",
            "aws_s3_bucket.code",
            "aws_security_group.wp_dev_sg",
            "aws_subnet.wp_public1_subnet"
          ]
        },
        {
          "status": "tainted",
          "deposed": "57291651",
          "schema_version": 1,
          "attributes": null,
          "private": "eyJlMmJmYjczMC1lY2FhLTExZTYtOGY4OC0zNDM2M2JjN2M0YzAiOnsiY3JlYXRlIjo2MDAwMDAwMDAwMDAsImRlbGV0ZSI6MTIwMDAwMDAwMDAwMCwidXBkYXRlIjo2MDAwMDAwMDAwMDB9LCJzY2hlbWFfdmVyc2lvbiI6IjEifQ==",
          "dependencies": [
            "aws_iam_instance_profile.s3_access_profile",
            "aws_key_pair.wp_auth",
            "aws_s3_bucket.code",
            "aws_security_group.wp_dev_sg",
            "aws_subnet.wp_public1_subnet"
          ]
        },
        {
          "status": "tainted",
          "deposed": "6e6f35e7",
          "schema_version": 1,
          "attributes": null,
          "private": "eyJlMmJmYjczMC1lY2FhLTExZTYtOGY4OC0zNDM2M2JjN2M0YzAiOnsiY3JlYXRlIjo2MDAwMDAwMDAwMDAsImRlbGV0ZSI6MTIwMDAwMDAwMDAwMCwidXBkYXRlIjo2MDAwMDAwMDAwMDB9LCJzY2hlbWFfdmVyc2lvbiI6IjEifQ==",
          "dependencies": [
            "aws_iam_instance_profile.s3_access_profile",
            "aws_iam_role.s3_access_role",
            "aws_key_pair.wp_auth",
            "aws_s3_bucket.code",
            "aws_security_group.wp_dev_sg",
            "aws_subnet.wp_public1_subnet",
            "aws_vpc.wp_vpc",
            "random_id.wp_code_bucket"
          ]
        }
      ]
    },
    {
      "mode": "managed",
      "type": "aws_internet_gateway",
      "name": "wp_internet_gateway",
      "provider": "provider.aws",
      "instances": [
        {
          "schema_version": 0,
          "attributes": {
            "id": "igw-09c667268598b8a16",
            "owner_id": "058625519174",
            "tags": {
              "Name": "wp_igw"
            },
            "vpc_id": "vpc-0c2f25bd7ec679d6a"
          },
          "private": "bnVsbA==",
          "dependencies": [
            "aws_vpc.wp_vpc"
          ]
        }
      ]
    },
    {
      "mode": "managed",
      "type": "aws_key_pair",
      "name": "wp_auth",
      "provider": "provider.aws",
      "instances": [
        {
          "schema_version": 1,
          "attributes": {
            "fingerprint": "ae:db:9d:1b:ba:a2:31:0c:05:e3:a2:9d:49:08:38:8b",
            "id": "blah",
            "key_name": "blah",
            "key_name_prefix": null,
            "public_key": "ssh-rsa AAAAB3NzaC1yc2EAAAADAQABAAABgQD5+x3CZEfg244dLQ6m7tl2dQnm7NF/sdGLBdbakJwEnJ/lJzu4q36z4OwAYnXAV5zVpvaemMg21H8BrA6WH2t8f/B4J7s6XoaL1wBIZcJGywXm5J0eYS5YEEK/4Kd6CU7HUqUHu1yhlggJsdC6/ykG9wHX/xKqcQdYmjW48GfxWvdghgNcnqtR4lL1zaWX640fe3k4aWkRF/Dc5mNBGY+9IE6wTTXniTNRkvc5dnDQ1KuO74NxKZ4vneMKtnClca2bZySQ1xt7qOi02Eh6Zy+4lQa238Pjynchlcjx+pRxtcgLN8QQ5kM8VvmeRoQc60MWDipSLqIfvAqmO9nsh4062gLwlaDmYzAAjozbefw7pKR4EWNpPEZ4JM3Zy769Pib1B7+qzSeUKH67w70BrH48XQqamykUzD1Gxhx2TazW1iq1ktn4/CNnx6a/NPcd0ABo8cdkZ6jwWCKuDX4k83MwwDBrVv/Jz5JU/qKKDAEe+7CYg9peEv0M0qmFC62LqBE= ec2-user@kali"
          },
          "private": "eyJzY2hlbWFfdmVyc2lvbiI6IjEifQ=="
        }
      ]
    },
    {
      "mode": "managed",
      "type": "aws_launch_configuration",
      "name": "wp_lc",
      "provider": "provider.aws",
      "instances": []
    },
    {
      "mode": "managed",
      "type": "aws_route53_record",
      "name": "db",
      "provider": "provider.aws",
      "instances": [
        {
          "schema_version": 2,
          "attributes": {
            "alias": [],
            "allow_overwrite": null,
            "failover_routing_policy": [],
            "fqdn": "db.scruffybrett.com",
            "geolocation_routing_policy": [],
            "health_check_id": null,
            "id": "Z01334361NDTI907V3W3V_db.scruffybrett.com_CNAME",
            "latency_routing_policy": [],
            "multivalue_answer_routing_policy": null,
            "name": "db.scruffybrett.com",
            "records": [
              "terraform-20200101042844949000000003.ccisoefpqz8n.us-east-1.rds.amazonaws.com"
            ],
            "set_identifier": null,
            "ttl": 300,
            "type": "CNAME",
            "weighted_routing_policy": [],
            "zone_id": "Z01334361NDTI907V3W3V"
          },
          "private": "eyJzY2hlbWFfdmVyc2lvbiI6IjIifQ==",
          "dependencies": [
            "aws_db_instance.wp_db",
            "aws_db_subnet_group.wp_rds_subnetgroup",
            "aws_route53_zone.secondary",
            "aws_security_group.wp_dev_sg",
            "aws_security_group.wp_private_sg",
            "aws_security_group.wp_public_sg",
            "aws_security_group.wp_rds_sg",
            "aws_subnet.wp_rds1_subnet",
            "aws_subnet.wp_rds2_subnet",
            "aws_subnet.wp_rds3_subnet",
            "aws_vpc.wp_vpc"
          ]
        }
      ]
    },
    {
      "mode": "managed",
      "type": "aws_route53_record",
      "name": "dev",
      "provider": "provider.aws",
      "instances": [
        {
          "schema_version": 2,
          "attributes": {
            "alias": [],
            "allow_overwrite": null,
            "failover_routing_policy": [],
            "fqdn": "dev.scruffybrett.com",
            "geolocation_routing_policy": [],
            "health_check_id": null,
            "id": "Z2JXZ0CA30LPWQ_dev.scruffybrett.com_A",
            "latency_routing_policy": [],
            "multivalue_answer_routing_policy": null,
            "name": "dev.scruffybrett.com",
            "records": [
              "34.201.0.134"
            ],
            "set_identifier": null,
            "ttl": 300,
            "type": "A",
            "weighted_routing_policy": [],
            "zone_id": "Z2JXZ0CA30LPWQ"
          },
          "private": "eyJzY2hlbWFfdmVyc2lvbiI6IjIifQ==",
          "dependencies": [
            "aws_iam_instance_profile.s3_access_profile",
            "aws_iam_role.s3_access_role",
            "aws_instance.wp_dev",
            "aws_key_pair.wp_auth",
            "aws_route53_zone.primary",
            "aws_s3_bucket.code",
            "aws_security_group.wp_dev_sg",
            "aws_subnet.wp_public1_subnet",
            "aws_vpc.wp_vpc",
            "random_id.wp_code_bucket"
          ]
        }
      ]
    },
    {
      "mode": "managed",
      "type": "aws_route53_record",
      "name": "www",
      "provider": "provider.aws",
      "instances": [
        {
          "schema_version": 2,
          "attributes": {
            "alias": [
              {
                "evaluate_target_health": false,
                "name": "scruffybrett-elb-1211301791.us-east-1.elb.amazonaws.com",
                "zone_id": "Z35SXDOTRQ7X7K"
              }
            ],
            "allow_overwrite": null,
            "failover_routing_policy": [],
            "fqdn": "www.scruffybrett.com",
            "geolocation_routing_policy": [],
            "health_check_id": null,
            "id": "Z2JXZ0CA30LPWQ_www.scruffybrett.com_A",
            "latency_routing_policy": [],
            "multivalue_answer_routing_policy": null,
            "name": "www.scruffybrett.com",
            "records": null,
            "set_identifier": null,
            "ttl": null,
            "type": "A",
            "weighted_routing_policy": [],
            "zone_id": "Z2JXZ0CA30LPWQ"
          },
          "private": "eyJzY2hlbWFfdmVyc2lvbiI6IjIifQ==",
          "dependencies": [
            "aws_elb.wp_elb",
            "aws_route53_zone.primary",
            "aws_security_group.wp_public_sg",
            "aws_subnet.wp_public1_subnet",
            "aws_subnet.wp_public2_subnet",
            "aws_vpc.wp_vpc"
          ]
        }
      ]
    },
    {
      "mode": "managed",
      "type": "aws_route53_zone",
      "name": "primary",
      "provider": "provider.aws",
      "instances": [
        {
          "schema_version": 0,
          "attributes": {
            "comment": "Managed by Terraform",
            "delegation_set_id": "N15KD4GL2HQ7NI",
            "force_destroy": false,
            "id": "Z2JXZ0CA30LPWQ",
            "name": "scruffybrett.com.",
            "name_servers": [
              "ns-1407.awsdns-47.org",
              "ns-1944.awsdns-51.co.uk",
              "ns-199.awsdns-24.com",
              "ns-891.awsdns-47.net"
            ],
            "tags": null,
            "vpc": [],
            "vpc_id": null,
            "vpc_region": null,
            "zone_id": "Z2JXZ0CA30LPWQ"
          },
          "private": "bnVsbA=="
        }
      ]
    },
    {
      "mode": "managed",
      "type": "aws_route53_zone",
      "name": "secondary",
      "provider": "provider.aws",
      "instances": [
        {
          "schema_version": 0,
          "attributes": {
            "comment": "Managed by Terraform",
            "delegation_set_id": "",
            "force_destroy": false,
            "id": "Z01334361NDTI907V3W3V",
            "name": "scruffybrett.com.",
            "name_servers": [
              "ns-0.awsdns-00.com.",
              "ns-1024.awsdns-00.org.",
              "ns-1536.awsdns-00.co.uk.",
              "ns-512.awsdns-00.net."
            ],
            "tags": null,
            "vpc": [
              {
                "vpc_id": "vpc-0c2f25bd7ec679d6a",
                "vpc_region": "us-east-1"
              }
            ],
            "vpc_id": null,
            "vpc_region": null,
            "zone_id": "Z01334361NDTI907V3W3V"
          },
          "private": "bnVsbA==",
          "dependencies": [
            "aws_vpc.wp_vpc"
          ]
        }
      ]
    },
    {
      "mode": "managed",
      "type": "aws_route_table",
      "name": "wp_public_rt",
      "provider": "provider.aws",
      "instances": [
        {
          "schema_version": 0,
          "attributes": {
            "id": "rtb-0ff6624eedd4e57de",
            "owner_id": "058625519174",
            "propagating_vgws": [],
            "route": [
              {
                "cidr_block": "0.0.0.0/0",
                "egress_only_gateway_id": "",
                "gateway_id": "igw-09c667268598b8a16",
                "instance_id": "",
                "ipv6_cidr_block": "",
                "nat_gateway_id": "",
                "network_interface_id": "",
                "transit_gateway_id": "",
                "vpc_peering_connection_id": ""
              }
            ],
            "tags": {
              "Name": "wp_public"
            },
            "vpc_id": "vpc-0c2f25bd7ec679d6a"
          },
          "private": "bnVsbA==",
          "dependencies": [
            "aws_internet_gateway.wp_internet_gateway",
            "aws_vpc.wp_vpc"
          ]
        }
      ]
    },
    {
      "mode": "managed",
      "type": "aws_route_table_association",
      "name": "wp_private1_assoc",
      "provider": "provider.aws",
      "instances": [
        {
          "schema_version": 0,
          "attributes": {
            "gateway_id": null,
            "id": "rtbassoc-0b3b5e77a59e2016b",
            "route_table_id": "rtb-092b95b5648712503",
            "subnet_id": "subnet-01c64e2712bd3c55d"
          },
          "private": "bnVsbA==",
          "dependencies": [
            "aws_default_route_table.wp_private_rt",
            "aws_subnet.wp_private1_subnet",
            "aws_vpc.wp_vpc"
          ]
        }
      ]
    },
    {
      "mode": "managed",
      "type": "aws_route_table_association",
      "name": "wp_private2_assoc",
      "provider": "provider.aws",
      "instances": [
        {
          "schema_version": 0,
          "attributes": {
            "gateway_id": null,
            "id": "rtbassoc-0abd0b7a55ca6ecf0",
            "route_table_id": "rtb-092b95b5648712503",
            "subnet_id": "subnet-0dbdb582f203db5a3"
          },
          "private": "bnVsbA==",
          "dependencies": [
            "aws_default_route_table.wp_private_rt",
            "aws_subnet.wp_private2_subnet",
            "aws_vpc.wp_vpc"
          ]
        }
      ]
    },
    {
      "mode": "managed",
      "type": "aws_route_table_association",
      "name": "wp_public2_assoc",
      "provider": "provider.aws",
      "instances": [
        {
          "schema_version": 0,
          "attributes": {
            "gateway_id": null,
            "id": "rtbassoc-03ad5fd1544676ea3",
            "route_table_id": "rtb-0ff6624eedd4e57de",
            "subnet_id": "subnet-0171529a4d619172e"
          },
          "private": "bnVsbA==",
          "dependencies": [
            "aws_internet_gateway.wp_internet_gateway",
            "aws_route_table.wp_public_rt",
            "aws_subnet.wp_public2_subnet",
            "aws_vpc.wp_vpc"
          ]
        }
      ]
    },
    {
      "mode": "managed",
      "type": "aws_route_table_association",
      "name": "wp_public_assoc",
      "provider": "provider.aws",
      "instances": [
        {
          "schema_version": 0,
          "attributes": {
            "gateway_id": null,
            "id": "rtbassoc-077402216e6d306fa",
            "route_table_id": "rtb-0ff6624eedd4e57de",
            "subnet_id": "subnet-05cb45b74e0e8ca33"
          },
          "private": "bnVsbA==",
          "dependencies": [
            "aws_internet_gateway.wp_internet_gateway",
            "aws_route_table.wp_public_rt",
            "aws_subnet.wp_public1_subnet",
            "aws_vpc.wp_vpc"
          ]
        }
      ]
    },
    {
      "mode": "managed",
      "type": "aws_s3_bucket",
      "name": "code",
      "provider": "provider.aws",
      "instances": [
        {
          "schema_version": 0,
          "attributes": {
            "acceleration_status": "",
            "acl": "private",
            "arn": "arn:aws:s3:::scruffybrett-2375",
            "bucket": "scruffybrett-2375",
            "bucket_domain_name": "scruffybrett-2375.s3.amazonaws.com",
            "bucket_prefix": null,
            "bucket_regional_domain_name": "scruffybrett-2375.s3.amazonaws.com",
            "cors_rule": [],
            "force_destroy": true,
            "hosted_zone_id": "Z3AQBSTGFYJSTF",
            "id": "scruffybrett-2375",
            "lifecycle_rule": [],
            "logging": [],
            "object_lock_configuration": [],
            "policy": null,
            "region": "us-east-1",
            "replication_configuration": [],
            "request_payer": "BucketOwner",
            "server_side_encryption_configuration": [],
            "tags": {
              "Name": "code bucket"
            },
            "versioning": [
              {
                "enabled": false,
                "mfa_delete": false
              }
            ],
            "website": [],
            "website_domain": null,
            "website_endpoint": null
          },
          "private": "bnVsbA==",
          "dependencies": [
            "random_id.wp_code_bucket"
          ]
        }
      ]
    },
    {
      "mode": "managed",
      "type": "aws_security_group",
      "name": "wp_dev_sg",
      "provider": "provider.aws",
      "instances": [
        {
          "schema_version": 1,
          "attributes": {
            "arn": "arn:aws:ec2:us-east-1:058625519174:security-group/sg-076224e5115c8802c",
            "description": "Used for access to the dev instance",
            "egress": [
              {
                "cidr_blocks": [
                  "0.0.0.0/0"
                ],
                "description": "",
                "from_port": 0,
                "ipv6_cidr_blocks": [],
                "prefix_list_ids": [],
                "protocol": "-1",
                "security_groups": [],
                "self": false,
                "to_port": 0
              }
            ],
            "id": "sg-076224e5115c8802c",
            "ingress": [
              {
                "cidr_blocks": [
                  "0.0.0.0/0"
                ],
                "description": "",
                "from_port": 80,
                "ipv6_cidr_blocks": [],
                "prefix_list_ids": [],
                "protocol": "tcp",
                "security_groups": [],
                "self": false,
                "to_port": 80
              },
              {
                "cidr_blocks": [
                  "3.91.87.117/32"
                ],
                "description": "",
                "from_port": 22,
                "ipv6_cidr_blocks": [],
                "prefix_list_ids": [],
                "protocol": "tcp",
                "security_groups": [],
                "self": false,
                "to_port": 22
              }
            ],
            "name": "wp_dev_sg",
            "name_prefix": null,
            "owner_id": "058625519174",
            "revoke_rules_on_delete": false,
            "tags": null,
            "timeouts": null,
            "vpc_id": "vpc-0c2f25bd7ec679d6a"
          },
          "private": "eyJlMmJmYjczMC1lY2FhLTExZTYtOGY4OC0zNDM2M2JjN2M0YzAiOnsiY3JlYXRlIjo2MDAwMDAwMDAwMDAsImRlbGV0ZSI6NjAwMDAwMDAwMDAwfSwic2NoZW1hX3ZlcnNpb24iOiIxIn0=",
          "dependencies": [
            "aws_vpc.wp_vpc"
          ]
        }
      ]
    },
    {
      "mode": "managed",
      "type": "aws_security_group",
      "name": "wp_private_sg",
      "provider": "provider.aws",
      "instances": [
        {
          "schema_version": 1,
          "attributes": {
            "arn": "arn:aws:ec2:us-east-1:058625519174:security-group/sg-0c17e6b6adb6a8a12",
            "description": "Used for private instances",
            "egress": [
              {
                "cidr_blocks": [
                  "0.0.0.0/0"
                ],
                "description": "",
                "from_port": 0,
                "ipv6_cidr_blocks": [],
                "prefix_list_ids": [],
                "protocol": "-1",
                "security_groups": [],
                "self": false,
                "to_port": 0
              }
            ],
            "id": "sg-0c17e6b6adb6a8a12",
            "ingress": [
              {
                "cidr_blocks": [
                  "10.7.0.0/16"
                ],
                "description": "",
                "from_port": 0,
                "ipv6_cidr_blocks": [],
                "prefix_list_ids": [],
                "protocol": "-1",
                "security_groups": [],
                "self": false,
                "to_port": 0
              }
            ],
            "name": "wp_private_sg",
            "name_prefix": null,
            "owner_id": "058625519174",
            "revoke_rules_on_delete": false,
            "tags": null,
            "timeouts": null,
            "vpc_id": "vpc-0c2f25bd7ec679d6a"
          },
          "private": "eyJlMmJmYjczMC1lY2FhLTExZTYtOGY4OC0zNDM2M2JjN2M0YzAiOnsiY3JlYXRlIjo2MDAwMDAwMDAwMDAsImRlbGV0ZSI6NjAwMDAwMDAwMDAwfSwic2NoZW1hX3ZlcnNpb24iOiIxIn0=",
          "dependencies": [
            "aws_vpc.wp_vpc"
          ]
        }
      ]
    },
    {
      "mode": "managed",
      "type": "aws_security_group",
      "name": "wp_public_sg",
      "provider": "provider.aws",
      "instances": [
        {
          "schema_version": 1,
          "attributes": {
            "arn": "arn:aws:ec2:us-east-1:058625519174:security-group/sg-06ee1ae75a5eda40c",
            "description": "Used for public and private instances for load balancer access",
            "egress": [
              {
                "cidr_blocks": [
                  "0.0.0.0/0"
                ],
                "description": "",
                "from_port": 0,
                "ipv6_cidr_blocks": [],
                "prefix_list_ids": [],
                "protocol": "-1",
                "security_groups": [],
                "self": false,
                "to_port": 0
              }
            ],
            "id": "sg-06ee1ae75a5eda40c",
            "ingress": [
              {
                "cidr_blocks": [
                  "0.0.0.0/0"
                ],
                "description": "",
                "from_port": 80,
                "ipv6_cidr_blocks": [],
                "prefix_list_ids": [],
                "protocol": "tcp",
                "security_groups": [],
                "self": false,
                "to_port": 80
              }
            ],
            "name": "wp_public_sg",
            "name_prefix": null,
            "owner_id": "058625519174",
            "revoke_rules_on_delete": false,
            "tags": null,
            "timeouts": null,
            "vpc_id": "vpc-0c2f25bd7ec679d6a"
          },
          "private": "eyJlMmJmYjczMC1lY2FhLTExZTYtOGY4OC0zNDM2M2JjN2M0YzAiOnsiY3JlYXRlIjo2MDAwMDAwMDAwMDAsImRlbGV0ZSI6NjAwMDAwMDAwMDAwfSwic2NoZW1hX3ZlcnNpb24iOiIxIn0=",
          "dependencies": [
            "aws_vpc.wp_vpc"
          ]
        }
      ]
    },
    {
      "mode": "managed",
      "type": "aws_security_group",
      "name": "wp_rds_sg",
      "provider": "provider.aws",
      "instances": [
        {
          "schema_version": 1,
          "attributes": {
            "arn": "arn:aws:ec2:us-east-1:058625519174:security-group/sg-0d7984888782bc733",
            "description": "Used for DB instances",
            "egress": [],
            "id": "sg-0d7984888782bc733",
            "ingress": [
              {
                "cidr_blocks": [],
                "description": "",
                "from_port": 3306,
                "ipv6_cidr_blocks": [],
                "prefix_list_ids": [],
                "protocol": "tcp",
                "security_groups": [
                  "sg-06ee1ae75a5eda40c",
                  "sg-076224e5115c8802c",
                  "sg-0c17e6b6adb6a8a12"
                ],
                "self": false,
                "to_port": 3306
              }
            ],
            "name": "wp_rds_sg",
            "name_prefix": null,
            "owner_id": "058625519174",
            "revoke_rules_on_delete": false,
            "tags": null,
            "timeouts": null,
            "vpc_id": "vpc-0c2f25bd7ec679d6a"
          },
          "private": "eyJlMmJmYjczMC1lY2FhLTExZTYtOGY4OC0zNDM2M2JjN2M0YzAiOnsiY3JlYXRlIjo2MDAwMDAwMDAwMDAsImRlbGV0ZSI6NjAwMDAwMDAwMDAwfSwic2NoZW1hX3ZlcnNpb24iOiIxIn0=",
          "dependencies": [
            "aws_security_group.wp_dev_sg",
            "aws_security_group.wp_private_sg",
            "aws_security_group.wp_public_sg",
            "aws_vpc.wp_vpc"
          ]
        }
      ]
    },
    {
      "mode": "managed",
      "type": "aws_subnet",
      "name": "wp_private1_subnet",
      "provider": "provider.aws",
      "instances": [
        {
          "schema_version": 1,
          "attributes": {
            "arn": "arn:aws:ec2:us-east-1:058625519174:subnet/subnet-01c64e2712bd3c55d",
            "assign_ipv6_address_on_creation": false,
            "availability_zone": "us-east-1a",
            "availability_zone_id": "use1-az1",
            "cidr_block": "10.7.3.0/24",
            "id": "subnet-01c64e2712bd3c55d",
            "ipv6_cidr_block": "",
            "ipv6_cidr_block_association_id": "",
            "map_public_ip_on_launch": false,
            "owner_id": "058625519174",
            "tags": {
              "Name": "wp_private1"
            },
            "timeouts": null,
            "vpc_id": "vpc-0c2f25bd7ec679d6a"
          },
          "private": "eyJlMmJmYjczMC1lY2FhLTExZTYtOGY4OC0zNDM2M2JjN2M0YzAiOnsiY3JlYXRlIjo2MDAwMDAwMDAwMDAsImRlbGV0ZSI6MTIwMDAwMDAwMDAwMH0sInNjaGVtYV92ZXJzaW9uIjoiMSJ9",
          "dependencies": [
            "aws_vpc.wp_vpc"
          ]
        }
      ]
    },
    {
      "mode": "managed",
      "type": "aws_subnet",
      "name": "wp_private2_subnet",
      "provider": "provider.aws",
      "instances": [
        {
          "schema_version": 1,
          "attributes": {
            "arn": "arn:aws:ec2:us-east-1:058625519174:subnet/subnet-0dbdb582f203db5a3",
            "assign_ipv6_address_on_creation": false,
            "availability_zone": "us-east-1b",
            "availability_zone_id": "use1-az2",
            "cidr_block": "10.7.4.0/24",
            "id": "subnet-0dbdb582f203db5a3",
            "ipv6_cidr_block": "",
            "ipv6_cidr_block_association_id": "",
            "map_public_ip_on_launch": false,
            "owner_id": "058625519174",
            "tags": {
              "Name": "wp_private2"
            },
            "timeouts": null,
            "vpc_id": "vpc-0c2f25bd7ec679d6a"
          },
          "private": "eyJlMmJmYjczMC1lY2FhLTExZTYtOGY4OC0zNDM2M2JjN2M0YzAiOnsiY3JlYXRlIjo2MDAwMDAwMDAwMDAsImRlbGV0ZSI6MTIwMDAwMDAwMDAwMH0sInNjaGVtYV92ZXJzaW9uIjoiMSJ9",
          "dependencies": [
            "aws_vpc.wp_vpc"
          ]
        }
      ]
    },
    {
      "mode": "managed",
      "type": "aws_subnet",
      "name": "wp_public1_subnet",
      "provider": "provider.aws",
      "instances": [
        {
          "schema_version": 1,
          "attributes": {
            "arn": "arn:aws:ec2:us-east-1:058625519174:subnet/subnet-05cb45b74e0e8ca33",
            "assign_ipv6_address_on_creation": false,
            "availability_zone": "us-east-1a",
            "availability_zone_id": "use1-az1",
            "cidr_block": "10.7.1.0/24",
            "id": "subnet-05cb45b74e0e8ca33",
            "ipv6_cidr_block": "",
            "ipv6_cidr_block_association_id": "",
            "map_public_ip_on_launch": true,
            "owner_id": "058625519174",
            "tags": {
              "Name": "wp_public1"
            },
            "timeouts": null,
            "vpc_id": "vpc-0c2f25bd7ec679d6a"
          },
          "private": "eyJlMmJmYjczMC1lY2FhLTExZTYtOGY4OC0zNDM2M2JjN2M0YzAiOnsiY3JlYXRlIjo2MDAwMDAwMDAwMDAsImRlbGV0ZSI6MTIwMDAwMDAwMDAwMH0sInNjaGVtYV92ZXJzaW9uIjoiMSJ9",
          "dependencies": [
            "aws_vpc.wp_vpc"
          ]
        }
      ]
    },
    {
      "mode": "managed",
      "type": "aws_subnet",
      "name": "wp_public2_subnet",
      "provider": "provider.aws",
      "instances": [
        {
          "schema_version": 1,
          "attributes": {
            "arn": "arn:aws:ec2:us-east-1:058625519174:subnet/subnet-0171529a4d619172e",
            "assign_ipv6_address_on_creation": false,
            "availability_zone": "us-east-1b",
            "availability_zone_id": "use1-az2",
            "cidr_block": "10.7.2.0/24",
            "id": "subnet-0171529a4d619172e",
            "ipv6_cidr_block": "",
            "ipv6_cidr_block_association_id": "",
            "map_public_ip_on_launch": true,
            "owner_id": "058625519174",
            "tags": {
              "Name": "wp_public2"
            },
            "timeouts": null,
            "vpc_id": "vpc-0c2f25bd7ec679d6a"
          },
          "private": "eyJlMmJmYjczMC1lY2FhLTExZTYtOGY4OC0zNDM2M2JjN2M0YzAiOnsiY3JlYXRlIjo2MDAwMDAwMDAwMDAsImRlbGV0ZSI6MTIwMDAwMDAwMDAwMH0sInNjaGVtYV92ZXJzaW9uIjoiMSJ9",
          "dependencies": [
            "aws_vpc.wp_vpc"
          ]
        }
      ]
    },
    {
      "mode": "managed",
      "type": "aws_subnet",
      "name": "wp_rds1_subnet",
      "provider": "provider.aws",
      "instances": [
        {
          "schema_version": 1,
          "attributes": {
            "arn": "arn:aws:ec2:us-east-1:058625519174:subnet/subnet-092be5fc196d6e4a4",
            "assign_ipv6_address_on_creation": false,
            "availability_zone": "us-east-1a",
            "availability_zone_id": "use1-az1",
            "cidr_block": "10.7.5.0/24",
            "id": "subnet-092be5fc196d6e4a4",
            "ipv6_cidr_block": "",
            "ipv6_cidr_block_association_id": "",
            "map_public_ip_on_launch": false,
            "owner_id": "058625519174",
            "tags": {
              "Name": "wp_rds1"
            },
            "timeouts": null,
            "vpc_id": "vpc-0c2f25bd7ec679d6a"
          },
          "private": "eyJlMmJmYjczMC1lY2FhLTExZTYtOGY4OC0zNDM2M2JjN2M0YzAiOnsiY3JlYXRlIjo2MDAwMDAwMDAwMDAsImRlbGV0ZSI6MTIwMDAwMDAwMDAwMH0sInNjaGVtYV92ZXJzaW9uIjoiMSJ9",
          "dependencies": [
            "aws_vpc.wp_vpc"
          ]
        }
      ]
    },
    {
      "mode": "managed",
      "type": "aws_subnet",
      "name": "wp_rds2_subnet",
      "provider": "provider.aws",
      "instances": [
        {
          "schema_version": 1,
          "attributes": {
            "arn": "arn:aws:ec2:us-east-1:058625519174:subnet/subnet-059b19beeae2eeabb",
            "assign_ipv6_address_on_creation": false,
            "availability_zone": "us-east-1b",
            "availability_zone_id": "use1-az2",
            "cidr_block": "10.7.6.0/24",
            "id": "subnet-059b19beeae2eeabb",
            "ipv6_cidr_block": "",
            "ipv6_cidr_block_association_id": "",
            "map_public_ip_on_launch": false,
            "owner_id": "058625519174",
            "tags": {
              "Name": "wp_rds2"
            },
            "timeouts": null,
            "vpc_id": "vpc-0c2f25bd7ec679d6a"
          },
          "private": "eyJlMmJmYjczMC1lY2FhLTExZTYtOGY4OC0zNDM2M2JjN2M0YzAiOnsiY3JlYXRlIjo2MDAwMDAwMDAwMDAsImRlbGV0ZSI6MTIwMDAwMDAwMDAwMH0sInNjaGVtYV92ZXJzaW9uIjoiMSJ9",
          "dependencies": [
            "aws_vpc.wp_vpc"
          ]
        }
      ]
    },
    {
      "mode": "managed",
      "type": "aws_subnet",
      "name": "wp_rds3_subnet",
      "provider": "provider.aws",
      "instances": [
        {
          "schema_version": 1,
          "attributes": {
            "arn": "arn:aws:ec2:us-east-1:058625519174:subnet/subnet-013d990d3c21345e2",
            "assign_ipv6_address_on_creation": false,
            "availability_zone": "us-east-1c",
            "availability_zone_id": "use1-az4",
            "cidr_block": "10.7.7.0/24",
            "id": "subnet-013d990d3c21345e2",
            "ipv6_cidr_block": "",
            "ipv6_cidr_block_association_id": "",
            "map_public_ip_on_launch": false,
            "owner_id": "058625519174",
            "tags": {
              "Name": "wp_rds3"
            },
            "timeouts": null,
            "vpc_id": "vpc-0c2f25bd7ec679d6a"
          },
          "private": "eyJlMmJmYjczMC1lY2FhLTExZTYtOGY4OC0zNDM2M2JjN2M0YzAiOnsiY3JlYXRlIjo2MDAwMDAwMDAwMDAsImRlbGV0ZSI6MTIwMDAwMDAwMDAwMH0sInNjaGVtYV92ZXJzaW9uIjoiMSJ9",
          "dependencies": [
            "aws_vpc.wp_vpc"
          ]
        }
      ]
    },
    {
      "mode": "managed",
      "type": "aws_vpc",
      "name": "wp_vpc",
      "provider": "provider.aws",
      "instances": [
        {
          "schema_version": 1,
          "attributes": {
            "arn": "arn:aws:ec2:us-east-1:058625519174:vpc/vpc-0c2f25bd7ec679d6a",
            "assign_generated_ipv6_cidr_block": false,
            "cidr_block": "10.7.0.0/16",
            "default_network_acl_id": "acl-069753f754316995f",
            "default_route_table_id": "rtb-092b95b5648712503",
            "default_security_group_id": "sg-0fe4fbf51b8ccbbee",
            "dhcp_options_id": "dopt-e134d88d",
            "enable_classiclink": false,
            "enable_classiclink_dns_support": false,
            "enable_dns_hostnames": true,
            "enable_dns_support": true,
            "id": "vpc-0c2f25bd7ec679d6a",
            "instance_tenancy": "default",
            "ipv6_association_id": "",
            "ipv6_cidr_block": "",
            "main_route_table_id": "rtb-092b95b5648712503",
            "owner_id": "058625519174",
            "tags": {
              "Name": "wp_vpc"
            }
          },
          "private": "eyJzY2hlbWFfdmVyc2lvbiI6IjEifQ=="
        }
      ]
    },
    {
      "mode": "managed",
      "type": "aws_vpc_endpoint",
      "name": "wp_private-s3_endpoint",
      "provider": "provider.aws",
      "instances": [
        {
          "schema_version": 0,
          "attributes": {
            "auto_accept": null,
            "cidr_blocks": [
              "54.231.0.0/17",
              "52.216.0.0/15"
            ],
            "dns_entry": [],
            "id": "vpce-08656137a831f2351",
            "network_interface_ids": [],
            "owner_id": "058625519174",
            "policy": "{\"Statement\":[{\"Action\":\"*\",\"Effect\":\"Allow\",\"Principal\":\"*\",\"Resource\":\"*\"}],\"Version\":\"2008-10-17\"}",
            "prefix_list_id": "pl-63a5400a",
            "private_dns_enabled": false,
            "requester_managed": false,
            "route_table_ids": [
              "rtb-092b95b5648712503",
              "rtb-0ff6624eedd4e57de"
            ],
            "security_group_ids": [],
            "service_name": "com.amazonaws.us-east-1.s3",
            "state": "available",
            "subnet_ids": [],
            "tags": null,
            "timeouts": null,
            "vpc_endpoint_type": "Gateway",
            "vpc_id": "vpc-0c2f25bd7ec679d6a"
          },
          "private": "eyJlMmJmYjczMC1lY2FhLTExZTYtOGY4OC0zNDM2M2JjN2M0YzAiOnsiY3JlYXRlIjo2MDAwMDAwMDAwMDAsImRlbGV0ZSI6NjAwMDAwMDAwMDAwLCJ1cGRhdGUiOjYwMDAwMDAwMDAwMH19",
          "dependencies": [
            "aws_internet_gateway.wp_internet_gateway",
            "aws_route_table.wp_public_rt",
            "aws_vpc.wp_vpc"
          ]
        }
      ]
    },
    {
      "mode": "managed",
      "type": "random_id",
      "name": "golden_ami",
      "provider": "provider.random",
      "instances": [
        {
          "schema_version": 0,
          "attributes": {
            "b64": "L6mwFhqyfq8",
            "b64_std": "L6mwFhqyfq8=",
            "b64_url": "L6mwFhqyfq8",
            "byte_length": 8,
            "dec": "3434469799830388399",
            "hex": "2fa9b0161ab27eaf",
            "id": "L6mwFhqyfq8",
            "keepers": null,
            "prefix": null
          },
          "private": "bnVsbA=="
        }
      ]
    },
    {
      "mode": "managed",
      "type": "random_id",
      "name": "wp_code_bucket",
      "provider": "provider.random",
      "instances": [
        {
          "schema_version": 0,
          "attributes": {
            "b64": "CUc",
            "b64_std": "CUc=",
            "b64_url": "CUc",
            "byte_length": 2,
            "dec": "2375",
            "hex": "0947",
            "id": "CUc",
            "keepers": null,
            "prefix": null
          },
          "private": "bnVsbA=="
        }
      ]
    }
  ]
}
